hash: c9ac25c21bb9aeafa11171c966db6dc263a5fa606d22d41dd8310ee06e5c2a8f
updated: 2016-05-19T20:49:27.287579863-07:00
imports:
- name: github.com/dgrijalva/jwt-go
  version: 40bd0f3b4891a9d7f121bfb7b8e8b0525625e262
- name: github.com/garyburd/redigo
  version: 8873b2f1995f59d4bcdd2b0dc9858e2cb9bf0c13
  subpackages:
  - redis
  - internal
- name: github.com/keavon/clout
  version: 82994fa000d6b9bd82fdda90f04cda8e4fdbb52b
  subpackages:
  - pkg/api
  - pkg/pool
  - pkg/authorization
  - pkg/country
  - pkg/game
  - pkg/token
  - pkg/player
- name: github.com/klauspost/compress
  version: 14eb9c4951195779ecfbec34431a976de7335b0a
  subpackages:
  - flate
- name: github.com/klauspost/cpuid
  version: 09cded8978dc9e80714c4d85b0322337b0a1e5e0
- name: github.com/klauspost/crc32
  version: 19b0b332c9e4516a6370a0456e6182c3b5036720
- name: github.com/labstack/echo
  version: 795ab0ad7791d7dd36aa1877b70a62e899441b47
  subpackages:
  - engine/standard
  - middleware
  - engine
- name: github.com/labstack/gommon
  version: b5f03e345acd2096591b6f738cb8d2b9b3231c50
  subpackages:
  - color
  - log
  - bytes
- name: github.com/mattn/go-colorable
  version: e8a10ddc7d2a7fe255f6fd7f501070a4cb62c183
- name: github.com/mattn/go-isatty
  version: 56b76bdf51f7708750eac80fa38b952bb9f32639
- name: github.com/stretchr/testify
  version: 6cb3b85ef5a0efef77caef88363ec4d4b5c0976d
  subpackages:
  - assert
- name: github.com/valyala/fasthttp
  version: e40caade415cbe3e53f14e9d8ba6ec2368e4458f
- name: github.com/valyala/fasttemplate
  version: 3b874956e03f1636d171bda64b130f9135f42cff
- name: golang.org/x/crypto
  version: 5bcd134fee4dd1475da17714aac19c0aa0142e2f
  subpackages:
  - ssh/terminal
- name: golang.org/x/net
  version: 8a52c78636f6b7be1b1e5cb58b01a85f1e082659
  subpackages:
  - context
  - websocket
- name: golang.org/x/sys
  version: d4feaf1a7e61e1d9e79e6c4e76c6349e9cab0a03
  subpackages:
  - unix
- name: golang.org/x/text
  version: f773ec03ce334298742df7f3108fc0d402646d22
  subpackages:
  - encoding
- name: gopkg.in/bsm/ratelimit.v1
  version: db14e161995a5177acef654cb0dd785e8ee8bc22
devImports: []
